{
  "name": "@pruhsert/ckeditor5-svy-placeholder",
  "version": "0.2.21",
  "lockfileVersion": 2,
  "requires": true,
  "packages": {
    "": {
      "name": "@pruhsert/ckeditor5-svy-placeholder",
      "version": "0.2.21",
      "license": "MIT",
      "dependencies": {
        "@ckeditor/ckeditor5-ui": "^35.0.1",
        "@ckeditor/ckeditor5-widget": "^35.0.1"
      },
      "devDependencies": {
        "@ckeditor/ckeditor5-core": "^35.0.1",
        "@ckeditor/ckeditor5-utils": "^35.0.1"
      }
    },
    "node_modules/@ckeditor/ckeditor5-core": {
      "version": "35.0.1",
      "resolved": "https://registry.npmjs.org/@ckeditor/ckeditor5-core/-/ckeditor5-core-35.0.1.tgz",
      "integrity": "sha512-yLX4WwyKjBbgINfl3wB8nyAtxclmP8FBVWunnHZ+YBq6KryB0uWcplP1Nomz/3uyask6k2YN/rSY0Lu9xJ9uyQ==",
      "dependencies": {
        "@ckeditor/ckeditor5-engine": "^35.0.1",
        "@ckeditor/ckeditor5-ui": "^35.0.1",
        "@ckeditor/ckeditor5-utils": "^35.0.1",
        "lodash-es": "^4.17.15"
      },
      "engines": {
        "node": ">=14.0.0",
        "npm": ">=5.7.1"
      }
    },
    "node_modules/@ckeditor/ckeditor5-engine": {
      "version": "35.0.1",
      "resolved": "https://registry.npmjs.org/@ckeditor/ckeditor5-engine/-/ckeditor5-engine-35.0.1.tgz",
      "integrity": "sha512-Jz1sEBnFr06a1ezOqTbydClp9GgK/YL1CyvilCYIOoRiMevr1XMR3slsJCXC8AmHAcDn+PtxSniw+CREFZaTAA==",
      "dependencies": {
        "@ckeditor/ckeditor5-utils": "^35.0.1",
        "lodash-es": "^4.17.15"
      },
      "engines": {
        "node": ">=14.0.0",
        "npm": ">=5.7.1"
      }
    },
    "node_modules/@ckeditor/ckeditor5-enter": {
      "version": "35.0.1",
      "resolved": "https://registry.npmjs.org/@ckeditor/ckeditor5-enter/-/ckeditor5-enter-35.0.1.tgz",
      "integrity": "sha512-vNJzom2pSWyYrPk+VYjeSOBBeVI0B3P+DW1Vwyd3HfB1NKB7zU6T+7ByWwhvzdsv5xovzB+6X066lmUSV+W1fw==",
      "dependencies": {
        "@ckeditor/ckeditor5-core": "^35.0.1",
        "@ckeditor/ckeditor5-engine": "^35.0.1",
        "@ckeditor/ckeditor5-utils": "^35.0.1"
      },
      "engines": {
        "node": ">=14.0.0",
        "npm": ">=5.7.1"
      }
    },
    "node_modules/@ckeditor/ckeditor5-typing": {
      "version": "35.0.1",
      "resolved": "https://registry.npmjs.org/@ckeditor/ckeditor5-typing/-/ckeditor5-typing-35.0.1.tgz",
      "integrity": "sha512-Yj3f8nv+iXsTxmnlTjFUk+Xcvd9OvtkFqsEgYdRA79TO71Gaigm2CLmi60wf39MtXc/hPCjhPSdvSk01CsNmQQ==",
      "dependencies": {
        "@ckeditor/ckeditor5-core": "^35.0.1",
        "@ckeditor/ckeditor5-engine": "^35.0.1",
        "@ckeditor/ckeditor5-utils": "^35.0.1",
        "lodash-es": "^4.17.15"
      },
      "engines": {
        "node": ">=14.0.0",
        "npm": ">=5.7.1"
      }
    },
    "node_modules/@ckeditor/ckeditor5-ui": {
      "version": "35.0.1",
      "resolved": "https://registry.npmjs.org/@ckeditor/ckeditor5-ui/-/ckeditor5-ui-35.0.1.tgz",
      "integrity": "sha512-JFmHShOQ7tGDFKqH93Ba2U5sZQMOts0ho1OveHeaKpyG3mbsonBofWr/JacF/dpoNBi1pj8I7ssYR4bFVTwO+w==",
      "dependencies": {
        "@ckeditor/ckeditor5-core": "^35.0.1",
        "@ckeditor/ckeditor5-utils": "^35.0.1",
        "lodash-es": "^4.17.15"
      },
      "engines": {
        "node": ">=14.0.0",
        "npm": ">=5.7.1"
      }
    },
    "node_modules/@ckeditor/ckeditor5-utils": {
      "version": "35.0.1",
      "resolved": "https://registry.npmjs.org/@ckeditor/ckeditor5-utils/-/ckeditor5-utils-35.0.1.tgz",
      "integrity": "sha512-H0ec3f963FpLPuLb58p4RbzkgiOYYNk7goNF4XVROZ4Vjf2dcGLJCDhUSHRBwz3cRL/zZ8a/f7HX/PBpYmnWlw==",
      "dependencies": {
        "lodash-es": "^4.17.15"
      },
      "engines": {
        "node": ">=14.0.0",
        "npm": ">=5.7.1"
      }
    },
    "node_modules/@ckeditor/ckeditor5-widget": {
      "version": "35.0.1",
      "resolved": "https://registry.npmjs.org/@ckeditor/ckeditor5-widget/-/ckeditor5-widget-35.0.1.tgz",
      "integrity": "sha512-+XhPafSq/bRewa/cLddJGhon2lMsP9XuKsitSOogU0/LlyWNhyjcgUB2xPhGzfw5BO+CY1ptDBpgyw0lSxWOOw==",
      "dependencies": {
        "@ckeditor/ckeditor5-core": "^35.0.1",
        "@ckeditor/ckeditor5-engine": "^35.0.1",
        "@ckeditor/ckeditor5-enter": "^35.0.1",
        "@ckeditor/ckeditor5-typing": "^35.0.1",
        "@ckeditor/ckeditor5-ui": "^35.0.1",
        "@ckeditor/ckeditor5-utils": "^35.0.1",
        "lodash-es": "^4.17.15"
      },
      "engines": {
        "node": ">=14.0.0",
        "npm": ">=5.7.1"
      }
    },
    "node_modules/lodash-es": {
      "version": "4.17.21",
      "resolved": "https://registry.npmjs.org/lodash-es/-/lodash-es-4.17.21.tgz",
      "integrity": "sha512-mKnC+QJ9pWVzv+C4/U3rRsHapFfHvQFoFB92e52xeyGMcX6/OlIl78je1u8vePzYZSkkogMPJ2yjxxsb89cxyw=="
    }
  },
  "dependencies": {
    "@ckeditor/ckeditor5-core": {
      "version": "35.0.1",
      "resolved": "https://registry.npmjs.org/@ckeditor/ckeditor5-core/-/ckeditor5-core-35.0.1.tgz",
      "integrity": "sha512-yLX4WwyKjBbgINfl3wB8nyAtxclmP8FBVWunnHZ+YBq6KryB0uWcplP1Nomz/3uyask6k2YN/rSY0Lu9xJ9uyQ==",
      "requires": {
        "@ckeditor/ckeditor5-engine": "^35.0.1",
        "@ckeditor/ckeditor5-ui": "^35.0.1",
        "@ckeditor/ckeditor5-utils": "^35.0.1",
        "lodash-es": "^4.17.15"
      }
    },
    "@ckeditor/ckeditor5-engine": {
      "version": "35.0.1",
      "resolved": "https://registry.npmjs.org/@ckeditor/ckeditor5-engine/-/ckeditor5-engine-35.0.1.tgz",
      "integrity": "sha512-Jz1sEBnFr06a1ezOqTbydClp9GgK/YL1CyvilCYIOoRiMevr1XMR3slsJCXC8AmHAcDn+PtxSniw+CREFZaTAA==",
      "requires": {
        "@ckeditor/ckeditor5-utils": "^35.0.1",
        "lodash-es": "^4.17.15"
      }
    },
    "@ckeditor/ckeditor5-enter": {
      "version": "35.0.1",
      "resolved": "https://registry.npmjs.org/@ckeditor/ckeditor5-enter/-/ckeditor5-enter-35.0.1.tgz",
      "integrity": "sha512-vNJzom2pSWyYrPk+VYjeSOBBeVI0B3P+DW1Vwyd3HfB1NKB7zU6T+7ByWwhvzdsv5xovzB+6X066lmUSV+W1fw==",
      "requires": {
        "@ckeditor/ckeditor5-core": "^35.0.1",
        "@ckeditor/ckeditor5-engine": "^35.0.1",
        "@ckeditor/ckeditor5-utils": "^35.0.1"
      }
    },
    "@ckeditor/ckeditor5-typing": {
      "version": "35.0.1",
      "resolved": "https://registry.npmjs.org/@ckeditor/ckeditor5-typing/-/ckeditor5-typing-35.0.1.tgz",
      "integrity": "sha512-Yj3f8nv+iXsTxmnlTjFUk+Xcvd9OvtkFqsEgYdRA79TO71Gaigm2CLmi60wf39MtXc/hPCjhPSdvSk01CsNmQQ==",
      "requires": {
        "@ckeditor/ckeditor5-core": "^35.0.1",
        "@ckeditor/ckeditor5-engine": "^35.0.1",
        "@ckeditor/ckeditor5-utils": "^35.0.1",
        "lodash-es": "^4.17.15"
      }
    },
    "@ckeditor/ckeditor5-ui": {
      "version": "35.0.1",
      "resolved": "https://registry.npmjs.org/@ckeditor/ckeditor5-ui/-/ckeditor5-ui-35.0.1.tgz",
      "integrity": "sha512-JFmHShOQ7tGDFKqH93Ba2U5sZQMOts0ho1OveHeaKpyG3mbsonBofWr/JacF/dpoNBi1pj8I7ssYR4bFVTwO+w==",
      "requires": {
        "@ckeditor/ckeditor5-core": "^35.0.1",
        "@ckeditor/ckeditor5-utils": "^35.0.1",
        "lodash-es": "^4.17.15"
      }
    },
    "@ckeditor/ckeditor5-utils": {
      "version": "35.0.1",
      "resolved": "https://registry.npmjs.org/@ckeditor/ckeditor5-utils/-/ckeditor5-utils-35.0.1.tgz",
      "integrity": "sha512-H0ec3f963FpLPuLb58p4RbzkgiOYYNk7goNF4XVROZ4Vjf2dcGLJCDhUSHRBwz3cRL/zZ8a/f7HX/PBpYmnWlw==",
      "requires": {
        "lodash-es": "^4.17.15"
      }
    },
    "@ckeditor/ckeditor5-widget": {
      "version": "35.0.1",
      "resolved": "https://registry.npmjs.org/@ckeditor/ckeditor5-widget/-/ckeditor5-widget-35.0.1.tgz",
      "integrity": "sha512-+XhPafSq/bRewa/cLddJGhon2lMsP9XuKsitSOogU0/LlyWNhyjcgUB2xPhGzfw5BO+CY1ptDBpgyw0lSxWOOw==",
      "requires": {
        "@ckeditor/ckeditor5-core": "^35.0.1",
        "@ckeditor/ckeditor5-engine": "^35.0.1",
        "@ckeditor/ckeditor5-enter": "^35.0.1",
        "@ckeditor/ckeditor5-typing": "^35.0.1",
        "@ckeditor/ckeditor5-ui": "^35.0.1",
        "@ckeditor/ckeditor5-utils": "^35.0.1",
        "lodash-es": "^4.17.15"
      }
    },
    "lodash-es": {
      "version": "4.17.21",
      "resolved": "https://registry.npmjs.org/lodash-es/-/lodash-es-4.17.21.tgz",
      "integrity": "sha512-mKnC+QJ9pWVzv+C4/U3rRsHapFfHvQFoFB92e52xeyGMcX6/OlIl78je1u8vePzYZSkkogMPJ2yjxxsb89cxyw=="
    }
  }
}
